
Microsoft Visual Studio Solution File, Format Version 12.00
# Visual Studio Version 17
VisualStudioVersion = 17.11.35222.181
MinimumVisualStudioVersion = 10.0.40219.1
Project("{FAE04EC0-301F-11D3-BF4B-00C04F79EFBC}") = "Pet Shop", "Pet Shop\Pet Shop.csproj", "{D489A06D-CEFF-477C-9981-1395E602B82B}"
EndProject
Global
	GlobalSection(SolutionConfigurationPlatforms) = preSolution
		Debug|Any CPU = Debug|Any CPU
		Release|Any CPU = Release|Any CPU
	EndGlobalSection
	GlobalSection(ProjectConfigurationPlatforms) = postSolution
		{D489A06D-CEFF-477C-9981-1395E602B82B}.Debug|Any CPU.ActiveCfg = Debug|Any CPU
		{D489A06D-CEFF-477C-9981-1395E602B82B}.Debug|Any CPU.Build.0 = Debug|Any CPU
		{D489A06D-CEFF-477C-9981-1395E602B82B}.Release|Any CPU.ActiveCfg = Release|Any CPU
		{D489A06D-CEFF-477C-9981-1395E602B82B}.Release|Any CPU.Build.0 = Release|Any CPU
	EndGlobalSection
	GlobalSection(SolutionProperties) = preSolution
		HideSolutionNode = FALSE
	EndGlobalSection
	GlobalSection(ExtensibilityGlobals) = postSolution
		SolutionGuid = {1F3E2D7C-102B-45FC-9904-6F240ABFCEBB}
	EndGlobalSection
EndGlobal
